
Microsoft Visual Studio Solution File, Format Version 12.00
# Visual Studio Version 16
VisualStudioVersion = 16.0.28803.352
MinimumVisualStudioVersion = 10.0.40219.1
Project("{FAE04EC0-301F-11D3-BF4B-00C04F79EFBC}") = "module3_5", "module3_5\module3_5.csproj", "{A8B93787-970A-4A24-AC67-0EF6514B1E71}"
EndProject
Global
	GlobalSection(SolutionConfigurationPlatforms) = preSolution
		Debug|Any CPU = Debug|Any CPU
		Release|Any CPU = Release|Any CPU
	EndGlobalSection
	GlobalSection(ProjectConfigurationPlatforms) = postSolution
		{A8B93787-970A-4A24-AC67-0EF6514B1E71}.Debug|Any CPU.ActiveCfg = Debug|Any CPU
		{A8B93787-970A-4A24-AC67-0EF6514B1E71}.Debug|Any CPU.Build.0 = Debug|Any CPU
		{A8B93787-970A-4A24-AC67-0EF6514B1E71}.Release|Any CPU.ActiveCfg = Release|Any CPU
		{A8B93787-970A-4A24-AC67-0EF6514B1E71}.Release|Any CPU.Build.0 = Release|Any CPU
	EndGlobalSection
	GlobalSection(SolutionProperties) = preSolution
		HideSolutionNode = FALSE
	EndGlobalSection
	GlobalSection(ExtensibilityGlobals) = postSolution
		SolutionGuid = {ADF48581-4E41-4A50-86AC-93CEB31043C1}
	EndGlobalSection
EndGlobal
