
Microsoft Visual Studio Solution File, Format Version 12.00
# Visual Studio Version 16
VisualStudioVersion = 16.0.29209.62
MinimumVisualStudioVersion = 10.0.40219.1
Project("{FAE04EC0-301F-11D3-BF4B-00C04F79EFBC}") = "module4_5", "module4_5\module4_5.csproj", "{0C88FAE7-B783-44C2-8465-589D859198D3}"
EndProject
Global
	GlobalSection(SolutionConfigurationPlatforms) = preSolution
		Debug|Any CPU = Debug|Any CPU
		Release|Any CPU = Release|Any CPU
	EndGlobalSection
	GlobalSection(ProjectConfigurationPlatforms) = postSolution
		{0C88FAE7-B783-44C2-8465-589D859198D3}.Debug|Any CPU.ActiveCfg = Debug|Any CPU
		{0C88FAE7-B783-44C2-8465-589D859198D3}.Debug|Any CPU.Build.0 = Debug|Any CPU
		{0C88FAE7-B783-44C2-8465-589D859198D3}.Release|Any CPU.ActiveCfg = Release|Any CPU
		{0C88FAE7-B783-44C2-8465-589D859198D3}.Release|Any CPU.Build.0 = Release|Any CPU
	EndGlobalSection
	GlobalSection(SolutionProperties) = preSolution
		HideSolutionNode = FALSE
	EndGlobalSection
	GlobalSection(ExtensibilityGlobals) = postSolution
		SolutionGuid = {7A49C682-06A0-436C-9CA8-932CCFF7E3D6}
	EndGlobalSection
EndGlobal
