
Microsoft Visual Studio Solution File, Format Version 12.00
# Visual Studio Version 16
VisualStudioVersion = 16.0.28803.352
MinimumVisualStudioVersion = 10.0.40219.1
Project("{FAE04EC0-301F-11D3-BF4B-00C04F79EFBC}") = "Module2_2", "Module2_2\Module2_2.csproj", "{074189C7-BBCB-45CA-AE5B-869D234DC044}"
EndProject
Global
	GlobalSection(SolutionConfigurationPlatforms) = preSolution
		Debug|Any CPU = Debug|Any CPU
		Release|Any CPU = Release|Any CPU
	EndGlobalSection
	GlobalSection(ProjectConfigurationPlatforms) = postSolution
		{074189C7-BBCB-45CA-AE5B-869D234DC044}.Debug|Any CPU.ActiveCfg = Debug|Any CPU
		{074189C7-BBCB-45CA-AE5B-869D234DC044}.Debug|Any CPU.Build.0 = Debug|Any CPU
		{074189C7-BBCB-45CA-AE5B-869D234DC044}.Release|Any CPU.ActiveCfg = Release|Any CPU
		{074189C7-BBCB-45CA-AE5B-869D234DC044}.Release|Any CPU.Build.0 = Release|Any CPU
	EndGlobalSection
	GlobalSection(SolutionProperties) = preSolution
		HideSolutionNode = FALSE
	EndGlobalSection
	GlobalSection(ExtensibilityGlobals) = postSolution
		SolutionGuid = {E7C6E4C1-7C5B-49D7-B3C3-6DF46A23B3E4}
	EndGlobalSection
EndGlobal
